# This file is automatically @generated by Cargo.
# It is not intended for manual editing.
version = 3

[[package]]
name = "hexdumprs"
version = "0.1.0"
dependencies = [
 "seahorse",
]

[[package]]
name = "seahorse"
version = "2.2.0"
source = "registry+https://github.com/rust-lang/crates.io-index"
checksum = "d25679a62f678e7485f21abdea76f91a15322a0fe51efea791fd9d124f1c473c"
